<?xml version="1.0" encoding="utf-8"?>
<Project ToolsVersion="4.0" xmlns="http://schemas.microsoft.com/developer/msbuild/2003">
  <ItemGroup>
    <Filter Include="Source Files">
      <UniqueIdentifier>{4FC737F1-C7A5-4376-A066-2A32D752A2FF}</UniqueIdentifier>
      <Extensions>cpp;c;cc;cxx;c++;cppm;ixx;def;odl;idl;hpj;bat;asm;asmx</Extensions>
    </Filter>
    <Filter Include="Header Files">
      <UniqueIdentifier>{93995380-89BD-4b04-88EB-625FBE52EBFB}</UniqueIdentifier>
      <Extensions>h;hh;hpp;hxx;h++;hm;inl;inc;ipp;xsd</Extensions>
    </Filter>
    <Filter Include="Resource Files">
      <UniqueIdentifier>{67DA6AB6-F800-4c08-8B7A-83BB121AAD01}</UniqueIdentifier>
      <Extensions>rc;ico;cur;bmp;dlg;rc2;rct;bin;rgs;gif;jpg;jpeg;jpe;resx;tiff;tif;png;wav;mfcribbon-ms</Extensions>
    </Filter>
    <Filter Include="Header Files\Server">
      <UniqueIdentifier>{3e812c6c-f917-421b-83fb-9ec4a5f8cab4}</UniqueIdentifier>
    </Filter>
    <Filter Include="Source Files\Server">
      <UniqueIdentifier>{2be9a0d6-c67c-425c-ac76-942a1c7d5af6}</UniqueIdentifier>
    </Filter>
  </ItemGroup>
  <ItemGroup>
    <ClInclude Include="framework.hpp">
      <Filter>Header Files</Filter>
    </ClInclude>
    <ClInclude Include="pch.hpp">
      <Filter>Header Files</Filter>
    </ClInclude>
    <ClInclude Include="ExitCode.hpp">
      <Filter>Header Files\Server</Filter>
    </ClInclude>
    <ClInclude Include="StreamingServer.hpp">
      <Filter>Header Files\Server</Filter>
    </ClInclude>
    <ClInclude Include="Utils.hpp">
      <Filter>Header Files\Server</Filter>
    </ClInclude>
    <ClInclude Include="StreamingServerSocket.hpp">
      <Filter>Header Files\Server</Filter>
    </ClInclude>
    <ClInclude Include="StreamingServerConnection.hpp">
      <Filter>Header Files\Server</Filter>
    </ClInclude>
    <ClInclude Include="HttpClient.hpp">
      <Filter>Header Files\Server</Filter>
    </ClInclude>
    <ClInclude Include="VideoList.hpp">
      <Filter>Header Files\Server</Filter>
    </ClInclude>
  </ItemGroup>
  <ItemGroup>
    <ClCompile Include="dllmain.cpp">
      <Filter>Source Files</Filter>
    </ClCompile>
    <ClCompile Include="pch.cpp">
      <Filter>Source Files</Filter>
    </ClCompile>
    <ClCompile Include="StreamingServer.cpp">
      <Filter>Source Files\Server</Filter>
    </ClCompile>
    <ClCompile Include="Utils.cpp">
      <Filter>Source Files\Server</Filter>
    </ClCompile>
    <ClCompile Include="StreamingServerSocket.cpp">
      <Filter>Source Files\Server</Filter>
    </ClCompile>
    <ClCompile Include="StreamingServerConnection.cpp">
      <Filter>Source Files\Server</Filter>
    </ClCompile>
    <ClCompile Include="HttpClient.cpp">
      <Filter>Source Files\Server</Filter>
    </ClCompile>
    <ClCompile Include="VideoList.cpp">
      <Filter>Source Files\Server</Filter>
    </ClCompile>
  </ItemGroup>
  <ItemGroup>
    <MASM Include="bink2w64.asm">
      <Filter>Source Files</Filter>
    </MASM>
  </ItemGroup>
  <ItemGroup>
    <None Include="bink2w64.def">
      <Filter>Source Files</Filter>
    </None>
  </ItemGroup>
</Project>