<?xml version="1.0" encoding="utf-8"?>
<Project ToolsVersion="4.0" xmlns="http://schemas.microsoft.com/developer/msbuild/2003">
  <ItemGroup>
    <Filter Include="Source Files">
      <UniqueIdentifier>{4FC737F1-C7A5-4376-A066-2A32D752A2FF}</UniqueIdentifier>
      <Extensions>cpp;c;cc;cxx;c++;cppm;ixx;def;odl;idl;hpj;bat;asm;asmx</Extensions>
    </Filter>
    <Filter Include="Header Files">
      <UniqueIdentifier>{93995380-89BD-4b04-88EB-625FBE52EBFB}</UniqueIdentifier>
      <Extensions>h;hh;hpp;hxx;h++;hm;inl;inc;ipp;xsd</Extensions>
    </Filter>
    <Filter Include="Resource Files">
      <UniqueIdentifier>{67DA6AB6-F800-4c08-8B7A-83BB121AAD01}</UniqueIdentifier>
      <Extensions>rc;ico;cur;bmp;dlg;rc2;rct;bin;rgs;gif;jpg;jpeg;jpe;resx;tiff;tif;png;wav;mfcribbon-ms</Extensions>
    </Filter>
    <Filter Include="Source Files\Server">
      <UniqueIdentifier>{5f2d34a7-83bf-4470-adfc-46b0d8120488}</UniqueIdentifier>
    </Filter>
    <Filter Include="Header Files\Server">
      <UniqueIdentifier>{e9491c4e-7c68-4df4-b23e-cd0ab6cdd8a7}</UniqueIdentifier>
    </Filter>
  </ItemGroup>
  <ItemGroup>
    <ClInclude Include="framework.hpp">
      <Filter>Header Files</Filter>
    </ClInclude>
    <ClInclude Include="pch.hpp">
      <Filter>Header Files</Filter>
    </ClInclude>
    <ClInclude Include="StreamingServer.hpp">
      <Filter>Header Files\Server</Filter>
    </ClInclude>
    <ClInclude Include="RequestHandlerFactory.hpp">
      <Filter>Header Files\Server</Filter>
    </ClInclude>
    <ClInclude Include="ManifestRequestHandler.hpp">
      <Filter>Header Files\Server</Filter>
    </ClInclude>
    <ClInclude Include="VideoList.hpp">
      <Filter>Header Files\Server</Filter>
    </ClInclude>
    <ClInclude Include="FragmentRequestHandler.hpp">
      <Filter>Header Files\Server</Filter>
    </ClInclude>
    <ClInclude Include="SubtitleOverride.hpp">
      <Filter>Header Files\Server</Filter>
    </ClInclude>
    <ClInclude Include="SubtitleFragmentRequestHandler.hpp">
      <Filter>Header Files\Server</Filter>
    </ClInclude>
    <ClInclude Include="OfflineStreaming.hpp">
      <Filter>Header Files\Server</Filter>
    </ClInclude>
  </ItemGroup>
  <ItemGroup>
    <ClCompile Include="dllmain.cpp">
      <Filter>Source Files</Filter>
    </ClCompile>
    <ClCompile Include="pch.cpp">
      <Filter>Source Files</Filter>
    </ClCompile>
    <ClCompile Include="StreamingServer.cpp">
      <Filter>Source Files\Server</Filter>
    </ClCompile>
    <ClCompile Include="RequestHandlerFactory.cpp">
      <Filter>Source Files\Server</Filter>
    </ClCompile>
    <ClCompile Include="ManifestRequestHandler.cpp">
      <Filter>Source Files\Server</Filter>
    </ClCompile>
    <ClCompile Include="VideoList.cpp">
      <Filter>Source Files\Server</Filter>
    </ClCompile>
    <ClCompile Include="FragmentRequestHandler.cpp">
      <Filter>Source Files\Server</Filter>
    </ClCompile>
    <ClCompile Include="SubtitleOverride.cpp">
      <Filter>Source Files\Server</Filter>
    </ClCompile>
    <ClCompile Include="SubtitleFragmentRequestHandler.cpp">
      <Filter>Source Files\Server</Filter>
    </ClCompile>
    <ClCompile Include="OfflineStreaming.cpp">
      <Filter>Source Files\Server</Filter>
    </ClCompile>
  </ItemGroup>
  <ItemGroup>
    <None Include="dllproxy.def">
      <Filter>Source Files</Filter>
    </None>
  </ItemGroup>
</Project>